// !$*UTF8*$!
{
	archiveVersion = 1;
	classes = {
	};
	objectVersion = 46;
	objects = {

/* Begin PBXBuildFile section */
		305574B81ABC002300142642 /* main.m in Sources */ = {isa = PBXBuildFile; fileRef = 305574B71ABC002300142642 /* main.m */; };
		305574BB1ABC002300142642 /* AppDelegate.m in Sources */ = {isa = PBXBuildFile; fileRef = 305574BA1ABC002300142642 /* AppDelegate.m */; };
		305574BE1ABC002300142642 /* ViewController.m in Sources */ = {isa = PBXBuildFile; fileRef = 305574BD1ABC002300142642 /* ViewController.m */; };
		305574C11ABC002300142642 /* Main.storyboard in Resources */ = {isa = PBXBuildFile; fileRef = 305574BF1ABC002300142642 /* Main.storyboard */; };
		305574C31ABC002300142642 /* Images.xcassets in Resources */ = {isa = PBXBuildFile; fileRef = 305574C21ABC002300142642 /* Images.xcassets */; };
		305574C61ABC002300142642 /* LaunchScreen.xib in Resources */ = {isa = PBXBuildFile; fileRef = 305574C41ABC002300142642 /* LaunchScreen.xib */; };
		305574D21ABC002300142642 /* StoreKitTests.m in Sources */ = {isa = PBXBuildFile; fileRef = 305574D11ABC002300142642 /* StoreKitTests.m */; };
		3055E0691ABC87E200C213E8 /* RSBaseDao.m in Sources */ = {isa = PBXBuildFile; fileRef = 3055E05C1ABC87E200C213E8 /* RSBaseDao.m */; };
		3055E06A1ABC87E200C213E8 /* RSStorage.m in Sources */ = {isa = PBXBuildFile; fileRef = 3055E05E1ABC87E200C213E8 /* RSStorage.m */; };
		3055E06B1ABC87E200C213E8 /* RSDatabaseConnector.m in Sources */ = {isa = PBXBuildFile; fileRef = 3055E0601ABC87E200C213E8 /* RSDatabaseConnector.m */; };
		3055E06C1ABC87E200C213E8 /* RSObject.m in Sources */ = {isa = PBXBuildFile; fileRef = 3055E0621ABC87E200C213E8 /* RSObject.m */; };
		3055E06D1ABC87E200C213E8 /* RSPrimaryKey.m in Sources */ = {isa = PBXBuildFile; fileRef = 3055E0641ABC87E200C213E8 /* RSPrimaryKey.m */; };
		3055E06E1ABC87E200C213E8 /* RSRowMapper.m in Sources */ = {isa = PBXBuildFile; fileRef = 3055E0661ABC87E200C213E8 /* RSRowMapper.m */; };
		3055E06F1ABC87E200C213E8 /* RSStoreKit.m in Sources */ = {isa = PBXBuildFile; fileRef = 3055E0681ABC87E200C213E8 /* RSStoreKit.m */; };
		3055E0721ABC89C700C213E8 /* RSBucket.m in Sources */ = {isa = PBXBuildFile; fileRef = 3055E0711ABC89C700C213E8 /* RSBucket.m */; };
		3055E0751ABC9BA300C213E8 /* RSVersionDao.m in Sources */ = {isa = PBXBuildFile; fileRef = 3055E0741ABC9BA300C213E8 /* RSVersionDao.m */; };
		3055E0781ABC9E6800C213E8 /* RSDao.m in Sources */ = {isa = PBXBuildFile; fileRef = 3055E0771ABC9E6800C213E8 /* RSDao.m */; };
		496ACA9BA699039BE6664763 /* libPods-StoreKit.a in Frameworks */ = {isa = PBXBuildFile; fileRef = 5011F9320B558EA45A98AA0E /* libPods-StoreKit.a */; };
/* End PBXBuildFile section */

/* Begin PBXContainerItemProxy section */
		305574CC1ABC002300142642 /* PBXContainerItemProxy */ = {
			isa = PBXContainerItemProxy;
			containerPortal = 305574AA1ABC002300142642 /* Project object */;
			proxyType = 1;
			remoteGlobalIDString = 305574B11ABC002300142642;
			remoteInfo = StoreKit;
		};
/* End PBXContainerItemProxy section */

/* Begin PBXFileReference section */
		305574B21ABC002300142642 /* StoreKit.app */ = {isa = PBXFileReference; explicitFileType = wrapper.application; includeInIndex = 0; path = StoreKit.app; sourceTree = BUILT_PRODUCTS_DIR; };
		305574B61ABC002300142642 /* Info.plist */ = {isa = PBXFileReference; lastKnownFileType = text.plist.xml; path = Info.plist; sourceTree = "<group>"; };
		305574B71ABC002300142642 /* main.m */ = {isa = PBXFileReference; lastKnownFileType = sourcecode.c.objc; path = main.m; sourceTree = "<group>"; };
		305574B91ABC002300142642 /* AppDelegate.h */ = {isa = PBXFileReference; lastKnownFileType = sourcecode.c.h; path = AppDelegate.h; sourceTree = "<group>"; };
		305574BA1ABC002300142642 /* AppDelegate.m */ = {isa = PBXFileReference; lastKnownFileType = sourcecode.c.objc; path = AppDelegate.m; sourceTree = "<group>"; };
		305574BC1ABC002300142642 /* ViewController.h */ = {isa = PBXFileReference; lastKnownFileType = sourcecode.c.h; path = ViewController.h; sourceTree = "<group>"; };
		305574BD1ABC002300142642 /* ViewController.m */ = {isa = PBXFileReference; lastKnownFileType = sourcecode.c.objc; path = ViewController.m; sourceTree = "<group>"; };
		305574C01ABC002300142642 /* Base */ = {isa = PBXFileReference; lastKnownFileType = file.storyboard; name = Base; path = Base.lproj/Main.storyboard; sourceTree = "<group>"; };
		305574C21ABC002300142642 /* Images.xcassets */ = {isa = PBXFileReference; lastKnownFileType = folder.assetcatalog; path = Images.xcassets; sourceTree = "<group>"; };
		305574C51ABC002300142642 /* Base */ = {isa = PBXFileReference; lastKnownFileType = file.xib; name = Base; path = Base.lproj/LaunchScreen.xib; sourceTree = "<group>"; };
		305574CB1ABC002300142642 /* StoreKitTests.xctest */ = {isa = PBXFileReference; explicitFileType = wrapper.cfbundle; includeInIndex = 0; path = StoreKitTests.xctest; sourceTree = BUILT_PRODUCTS_DIR; };
		305574D01ABC002300142642 /* Info.plist */ = {isa = PBXFileReference; lastKnownFileType = text.plist.xml; path = Info.plist; sourceTree = "<group>"; };
		305574D11ABC002300142642 /* StoreKitTests.m */ = {isa = PBXFileReference; lastKnownFileType = sourcecode.c.objc; path = StoreKitTests.m; sourceTree = "<group>"; };
		3055E05B1ABC87E200C213E8 /* RSBaseDao.h */ = {isa = PBXFileReference; fileEncoding = 4; lastKnownFileType = sourcecode.c.h; path = RSBaseDao.h; sourceTree = "<group>"; };
		3055E05C1ABC87E200C213E8 /* RSBaseDao.m */ = {isa = PBXFileReference; fileEncoding = 4; lastKnownFileType = sourcecode.c.objc; path = RSBaseDao.m; sourceTree = "<group>"; };
		3055E05D1ABC87E200C213E8 /* RSStorage.h */ = {isa = PBXFileReference; fileEncoding = 4; lastKnownFileType = sourcecode.c.h; path = RSStorage.h; sourceTree = "<group>"; };
		3055E05E1ABC87E200C213E8 /* RSStorage.m */ = {isa = PBXFileReference; fileEncoding = 4; lastKnownFileType = sourcecode.c.objc; path = RSStorage.m; sourceTree = "<group>"; };
		3055E05F1ABC87E200C213E8 /* RSDatabaseConnector.h */ = {isa = PBXFileReference; fileEncoding = 4; lastKnownFileType = sourcecode.c.h; path = RSDatabaseConnector.h; sourceTree = "<group>"; };
		3055E0601ABC87E200C213E8 /* RSDatabaseConnector.m */ = {isa = PBXFileReference; fileEncoding = 4; lastKnownFileType = sourcecode.c.objc; path = RSDatabaseConnector.m; sourceTree = "<group>"; };
		3055E0611ABC87E200C213E8 /* RSObject.h */ = {isa = PBXFileReference; fileEncoding = 4; lastKnownFileType = sourcecode.c.h; path = RSObject.h; sourceTree = "<group>"; };
		3055E0621ABC87E200C213E8 /* RSObject.m */ = {isa = PBXFileReference; fileEncoding = 4; lastKnownFileType = sourcecode.c.objc; path = RSObject.m; sourceTree = "<group>"; };
		3055E0631ABC87E200C213E8 /* RSPrimaryKey.h */ = {isa = PBXFileReference; fileEncoding = 4; lastKnownFileType = sourcecode.c.h; path = RSPrimaryKey.h; sourceTree = "<group>"; };
		3055E0641ABC87E200C213E8 /* RSPrimaryKey.m */ = {isa = PBXFileReference; fileEncoding = 4; lastKnownFileType = sourcecode.c.objc; path = RSPrimaryKey.m; sourceTree = "<group>"; };
		3055E0651ABC87E200C213E8 /* RSRowMapper.h */ = {isa = PBXFileReference; fileEncoding = 4; lastKnownFileType = sourcecode.c.h; path = RSRowMapper.h; sourceTree = "<group>"; };
		3055E0661ABC87E200C213E8 /* RSRowMapper.m */ = {isa = PBXFileReference; fileEncoding = 4; lastKnownFileType = sourcecode.c.objc; path = RSRowMapper.m; sourceTree = "<group>"; };
		3055E0671ABC87E200C213E8 /* RSStoreKit.h */ = {isa = PBXFileReference; fileEncoding = 4; lastKnownFileType = sourcecode.c.h; path = RSStoreKit.h; sourceTree = "<group>"; };
		3055E0681ABC87E200C213E8 /* RSStoreKit.m */ = {isa = PBXFileReference; fileEncoding = 4; lastKnownFileType = sourcecode.c.objc; path = RSStoreKit.m; sourceTree = "<group>"; };
		3055E0701ABC89C700C213E8 /* RSBucket.h */ = {isa = PBXFileReference; fileEncoding = 4; lastKnownFileType = sourcecode.c.h; path = RSBucket.h; sourceTree = "<group>"; };
		3055E0711ABC89C700C213E8 /* RSBucket.m */ = {isa = PBXFileReference; fileEncoding = 4; lastKnownFileType = sourcecode.c.objc; path = RSBucket.m; sourceTree = "<group>"; };
		3055E0731ABC9BA300C213E8 /* RSVersionDao.h */ = {isa = PBXFileReference; fileEncoding = 4; lastKnownFileType = sourcecode.c.h; path = RSVersionDao.h; sourceTree = "<group>"; };
		3055E0741ABC9BA300C213E8 /* RSVersionDao.m */ = {isa = PBXFileReference; fileEncoding = 4; lastKnownFileType = sourcecode.c.objc; path = RSVersionDao.m; sourceTree = "<group>"; };
		3055E0761ABC9E6800C213E8 /* RSDao.h */ = {isa = PBXFileReference; fileEncoding = 4; lastKnownFileType = sourcecode.c.h; path = RSDao.h; sourceTree = "<group>"; };
		3055E0771ABC9E6800C213E8 /* RSDao.m */ = {isa = PBXFileReference; fileEncoding = 4; lastKnownFileType = sourcecode.c.objc; path = RSDao.m; sourceTree = "<group>"; };
		4B0B036BB7937E4CECBA43EC /* Pods-StoreKit.release.xcconfig */ = {isa = PBXFileReference; includeInIndex = 1; lastKnownFileType = text.xcconfig; name = "Pods-StoreKit.release.xcconfig"; path = "Pods/Target Support Files/Pods-StoreKit/Pods-StoreKit.release.xcconfig"; sourceTree = "<group>"; };
		5011F9320B558EA45A98AA0E /* libPods-StoreKit.a */ = {isa = PBXFileReference; explicitFileType = archive.ar; includeInIndex = 0; path = "libPods-StoreKit.a"; sourceTree = BUILT_PRODUCTS_DIR; };
		B93820760667BB469A9107C4 /* Pods-StoreKit.debug.xcconfig */ = {isa = PBXFileReference; includeInIndex = 1; lastKnownFileType = text.xcconfig; name = "Pods-StoreKit.debug.xcconfig"; path = "Pods/Target Support Files/Pods-StoreKit/Pods-StoreKit.debug.xcconfig"; sourceTree = "<group>"; };
/* End PBXFileReference section */

/* Begin PBXFrameworksBuildPhase section */
		305574AF1ABC002300142642 /* Frameworks */ = {
			isa = PBXFrameworksBuildPhase;
			buildActionMask = 2147483647;
			files = (
				496ACA9BA699039BE6664763 /* libPods-StoreKit.a in Frameworks */,
			);
			runOnlyForDeploymentPostprocessing = 0;
		};
		305574C81ABC002300142642 /* Frameworks */ = {
			isa = PBXFrameworksBuildPhase;
			buildActionMask = 2147483647;
			files = (
			);
			runOnlyForDeploymentPostprocessing = 0;
		};
/* End PBXFrameworksBuildPhase section */

/* Begin PBXGroup section */
		2AEB9E2EC02ECBD390E54D46 /* Frameworks */ = {
			isa = PBXGroup;
			children = (
				5011F9320B558EA45A98AA0E /* libPods-StoreKit.a */,
			);
			name = Frameworks;
			sourceTree = "<group>";
		};
		305574A91ABC002300142642 = {
			isa = PBXGroup;
			children = (
				305574B41ABC002300142642 /* StoreKit */,
				305574CE1ABC002300142642 /* StoreKitTests */,
				305574B31ABC002300142642 /* Products */,
				F7933D5142BC439892667DBB /* Pods */,
				2AEB9E2EC02ECBD390E54D46 /* Frameworks */,
			);
			sourceTree = "<group>";
		};
		305574B31ABC002300142642 /* Products */ = {
			isa = PBXGroup;
			children = (
				305574B21ABC002300142642 /* StoreKit.app */,
				305574CB1ABC002300142642 /* StoreKitTests.xctest */,
			);
			name = Products;
			sourceTree = "<group>";
		};
		305574B41ABC002300142642 /* StoreKit */ = {
			isa = PBXGroup;
			children = (
				3055E05A1ABC87E200C213E8 /* Core */,
				305574B91ABC002300142642 /* AppDelegate.h */,
				305574BA1ABC002300142642 /* AppDelegate.m */,
				305574BC1ABC002300142642 /* ViewController.h */,
				305574BD1ABC002300142642 /* ViewController.m */,
				305574BF1ABC002300142642 /* Main.storyboard */,
				305574C21ABC002300142642 /* Images.xcassets */,
				305574C41ABC002300142642 /* LaunchScreen.xib */,
				305574B51ABC002300142642 /* Supporting Files */,
			);
			path = StoreKit;
			sourceTree = "<group>";
		};
		305574B51ABC002300142642 /* Supporting Files */ = {
			isa = PBXGroup;
			children = (
				305574B61ABC002300142642 /* Info.plist */,
				305574B71ABC002300142642 /* main.m */,
			);
			name = "Supporting Files";
			sourceTree = "<group>";
		};
		305574CE1ABC002300142642 /* StoreKitTests */ = {
			isa = PBXGroup;
			children = (
				305574D11ABC002300142642 /* StoreKitTests.m */,
				305574CF1ABC002300142642 /* Supporting Files */,
			);
			path = StoreKitTests;
			sourceTree = "<group>";
		};
		305574CF1ABC002300142642 /* Supporting Files */ = {
			isa = PBXGroup;
			children = (
				305574D01ABC002300142642 /* Info.plist */,
			);
			name = "Supporting Files";
			sourceTree = "<group>";
		};
		3055E05A1ABC87E200C213E8 /* Core */ = {
			isa = PBXGroup;
			children = (
				3055E05B1ABC87E200C213E8 /* RSBaseDao.h */,
				3055E05C1ABC87E200C213E8 /* RSBaseDao.m */,
				3055E0761ABC9E6800C213E8 /* RSDao.h */,
				3055E0771ABC9E6800C213E8 /* RSDao.m */,
				3055E0731ABC9BA300C213E8 /* RSVersionDao.h */,
				3055E0741ABC9BA300C213E8 /* RSVersionDao.m */,
				3055E0701ABC89C700C213E8 /* RSBucket.h */,
				3055E0711ABC89C700C213E8 /* RSBucket.m */,
				3055E05D1ABC87E200C213E8 /* RSStorage.h */,
				3055E05E1ABC87E200C213E8 /* RSStorage.m */,
				3055E05F1ABC87E200C213E8 /* RSDatabaseConnector.h */,
				3055E0601ABC87E200C213E8 /* RSDatabaseConnector.m */,
				3055E0611ABC87E200C213E8 /* RSObject.h */,
				3055E0621ABC87E200C213E8 /* RSObject.m */,
				3055E0631ABC87E200C213E8 /* RSPrimaryKey.h */,
				3055E0641ABC87E200C213E8 /* RSPrimaryKey.m */,
				3055E0651ABC87E200C213E8 /* RSRowMapper.h */,
				3055E0661ABC87E200C213E8 /* RSRowMapper.m */,
				3055E0671ABC87E200C213E8 /* RSStoreKit.h */,
				3055E0681ABC87E200C213E8 /* RSStoreKit.m */,
			);
			path = Core;
			sourceTree = "<group>";
		};
		F7933D5142BC439892667DBB /* Pods */ = {
			isa = PBXGroup;
			children = (
				B93820760667BB469A9107C4 /* Pods-StoreKit.debug.xcconfig */,
				4B0B036BB7937E4CECBA43EC /* Pods-StoreKit.release.xcconfig */,
			);
			name = Pods;
			sourceTree = "<group>";
		};
/* End PBXGroup section */

/* Begin PBXNativeTarget section */
		305574B11ABC002300142642 /* StoreKit */ = {
			isa = PBXNativeTarget;
			buildConfigurationList = 305574D51ABC002300142642 /* Build configuration list for PBXNativeTarget "StoreKit" */;
			buildPhases = (
				50D343AAC9F645336A691219 /* Check Pods Manifest.lock */,
				305574AE1ABC002300142642 /* Sources */,
				305574AF1ABC002300142642 /* Frameworks */,
				305574B01ABC002300142642 /* Resources */,
				20BF6760746A1EBA614ED27E /* Copy Pods Resources */,
			);
			buildRules = (
			);
			dependencies = (
			);
			name = StoreKit;
			productName = StoreKit;
			productReference = 305574B21ABC002300142642 /* StoreKit.app */;
			productType = "com.apple.product-type.application";
		};
		305574CA1ABC002300142642 /* StoreKitTests */ = {
			isa = PBXNativeTarget;
			buildConfigurationList = 305574D81ABC002300142642 /* Build configuration list for PBXNativeTarget "StoreKitTests" */;
			buildPhases = (
				305574C71ABC002300142642 /* Sources */,
				305574C81ABC002300142642 /* Frameworks */,
				305574C91ABC002300142642 /* Resources */,
			);
			buildRules = (
			);
			dependencies = (
				305574CD1ABC002300142642 /* PBXTargetDependency */,
			);
			name = StoreKitTests;
			productName = StoreKitTests;
			productReference = 305574CB1ABC002300142642 /* StoreKitTests.xctest */;
			productType = "com.apple.product-type.bundle.unit-test";
		};
/* End PBXNativeTarget section */

/* Begin PBXProject section */
		305574AA1ABC002300142642 /* Project object */ = {
			isa = PBXProject;
			attributes = {
				LastUpgradeCheck = 0610;
				ORGANIZATIONNAME = closure;
				TargetAttributes = {
					305574B11ABC002300142642 = {
						CreatedOnToolsVersion = 6.1.1;
					};
					305574CA1ABC002300142642 = {
						CreatedOnToolsVersion = 6.1.1;
						TestTargetID = 305574B11ABC002300142642;
					};
				};
			};
			buildConfigurationList = 305574AD1ABC002300142642 /* Build configuration list for PBXProject "StoreKit" */;
			compatibilityVersion = "Xcode 3.2";
			developmentRegion = English;
			hasScannedForEncodings = 0;
			knownRegions = (
				en,
				Base,
			);
			mainGroup = 305574A91ABC002300142642;
			productRefGroup = 305574B31ABC002300142642 /* Products */;
			projectDirPath = "";
			projectRoot = "";
			targets = (
				305574B11ABC002300142642 /* StoreKit */,
				305574CA1ABC002300142642 /* StoreKitTests */,
			);
		};
/* End PBXProject section */

/* Begin PBXResourcesBuildPhase section */
		305574B01ABC002300142642 /* Resources */ = {
			isa = PBXResourcesBuildPhase;
			buildActionMask = 2147483647;
			files = (
				305574C11ABC002300142642 /* Main.storyboard in Resources */,
				305574C61ABC002300142642 /* LaunchScreen.xib in Resources */,
				305574C31ABC002300142642 /* Images.xcassets in Resources */,
			);
			runOnlyForDeploymentPostprocessing = 0;
		};
		305574C91ABC002300142642 /* Resources */ = {
			isa = PBXResourcesBuildPhase;
			buildActionMask = 2147483647;
			files = (
			);
			runOnlyForDeploymentPostprocessing = 0;
		};
/* End PBXResourcesBuildPhase section */

/* Begin PBXShellScriptBuildPhase section */
		20BF6760746A1EBA614ED27E /* Copy Pods Resources */ = {
			isa = PBXShellScriptBuildPhase;
			buildActionMask = 2147483647;
			files = (
			);
			inputPaths = (
			);
			name = "Copy Pods Resources";
			outputPaths = (
			);
			runOnlyForDeploymentPostprocessing = 0;
			shellPath = /bin/sh;
			shellScript = "\"${SRCROOT}/Pods/Target Support Files/Pods-StoreKit/Pods-StoreKit-resources.sh\"\n";
			showEnvVarsInLog = 0;
		};
		50D343AAC9F645336A691219 /* Check Pods Manifest.lock */ = {
			isa = PBXShellScriptBuildPhase;
			buildActionMask = 2147483647;
			files = (
			);
			inputPaths = (
			);
			name = "Check Pods Manifest.lock";
			outputPaths = (
			);
			runOnlyForDeploymentPostprocessing = 0;
			shellPath = /bin/sh;
			shellScript = "diff \"${PODS_ROOT}/../Podfile.lock\" \"${PODS_ROOT}/Manifest.lock\" > /dev/null\nif [[ $? != 0 ]] ; then\n    cat << EOM\nerror: The sandbox is not in sync with the Podfile.lock. Run 'pod install' or update your CocoaPods installation.\nEOM\n    exit 1\nfi\n";
			showEnvVarsInLog = 0;
		};
/* End PBXShellScriptBuildPhase section */

/* Begin PBXSourcesBuildPhase section */
		305574AE1ABC002300142642 /* Sources */ = {
			isa = PBXSourcesBuildPhase;
			buildActionMask = 2147483647;
			files = (
				3055E06A1ABC87E200C213E8 /* RSStorage.m in Sources */,
				3055E0781ABC9E6800C213E8 /* RSDao.m in Sources */,
				305574BE1ABC002300142642 /* ViewController.m in Sources */,
				305574BB1ABC002300142642 /* AppDelegate.m in Sources */,
				3055E06E1ABC87E200C213E8 /* RSRowMapper.m in Sources */,
				3055E0751ABC9BA300C213E8 /* RSVersionDao.m in Sources */,
				3055E06D1ABC87E200C213E8 /* RSPrimaryKey.m in Sources */,
				3055E06F1ABC87E200C213E8 /* RSStoreKit.m in Sources */,
				3055E0691ABC87E200C213E8 /* RSBaseDao.m in Sources */,
				3055E06C1ABC87E200C213E8 /* RSObject.m in Sources */,
				305574B81ABC002300142642 /* main.m in Sources */,
				3055E06B1ABC87E200C213E8 /* RSDatabaseConnector.m in Sources */,
				3055E0721ABC89C700C213E8 /* RSBucket.m in Sources */,
			);
			runOnlyForDeploymentPostprocessing = 0;
		};
		305574C71ABC002300142642 /* Sources */ = {
			isa = PBXSourcesBuildPhase;
			buildActionMask = 2147483647;
			files = (
				305574D21ABC002300142642 /* StoreKitTests.m in Sources */,
			);
			runOnlyForDeploymentPostprocessing = 0;
		};
/* End PBXSourcesBuildPhase section */

/* Begin PBXTargetDependency section */
		305574CD1ABC002300142642 /* PBXTargetDependency */ = {
			isa = PBXTargetDependency;
			target = 305574B11ABC002300142642 /* StoreKit */;
			targetProxy = 305574CC1ABC002300142642 /* PBXContainerItemProxy */;
		};
/* End PBXTargetDependency section */

/* Begin PBXVariantGroup section */
		305574BF1ABC002300142642 /* Main.storyboard */ = {
			isa = PBXVariantGroup;
			children = (
				305574C01ABC002300142642 /* Base */,
			);
			name = Main.storyboard;
			sourceTree = "<group>";
		};
		305574C41ABC002300142642 /* LaunchScreen.xib */ = {
			isa = PBXVariantGroup;
			children = (
				305574C51ABC002300142642 /* Base */,
			);
			name = LaunchScreen.xib;
			sourceTree = "<group>";
		};
/* End PBXVariantGroup section */

/* Begin XCBuildConfiguration section */
		305574D31ABC002300142642 /* Debug */ = {
			isa = XCBuildConfiguration;
			buildSettings = {
				ALWAYS_SEARCH_USER_PATHS = NO;
				CLANG_CXX_LANGUAGE_STANDARD = "gnu++0x";
				CLANG_CXX_LIBRARY = "libc++";
				CLANG_ENABLE_MODULES = YES;
				CLANG_ENABLE_OBJC_ARC = YES;
				CLANG_WARN_BOOL_CONVERSION = YES;
				CLANG_WARN_CONSTANT_CONVERSION = YES;
				CLANG_WARN_DIRECT_OBJC_ISA_USAGE = YES_ERROR;
				CLANG_WARN_EMPTY_BODY = YES;
				CLANG_WARN_ENUM_CONVERSION = YES;
				CLANG_WARN_INT_CONVERSION = YES;
				CLANG_WARN_OBJC_ROOT_CLASS = YES_ERROR;
				CLANG_WARN_UNREACHABLE_CODE = YES;
				CLANG_WARN__DUPLICATE_METHOD_MATCH = YES;
				"CODE_SIGN_IDENTITY[sdk=iphoneos*]" = "iPhone Developer";
				COPY_PHASE_STRIP = NO;
				ENABLE_STRICT_OBJC_MSGSEND = YES;
				GCC_C_LANGUAGE_STANDARD = gnu99;
				GCC_DYNAMIC_NO_PIC = NO;
				GCC_OPTIMIZATION_LEVEL = 0;
				GCC_PREPROCESSOR_DEFINITIONS = (
					"DEBUG=1",
					"$(inherited)",
				);
				GCC_SYMBOLS_PRIVATE_EXTERN = NO;
				GCC_WARN_64_TO_32_BIT_CONVERSION = YES;
				GCC_WARN_ABOUT_RETURN_TYPE = YES_ERROR;
				GCC_WARN_UNDECLARED_SELECTOR = YES;
				GCC_WARN_UNINITIALIZED_AUTOS = YES_AGGRESSIVE;
				GCC_WARN_UNUSED_FUNCTION = YES;
				GCC_WARN_UNUSED_VARIABLE = YES;
				IPHONEOS_DEPLOYMENT_TARGET = 8.1;
				MTL_ENABLE_DEBUG_INFO = YES;
				ONLY_ACTIVE_ARCH = YES;
				SDKROOT = iphoneos;
			};
			name = Debug;
		};
		305574D41ABC002300142642 /* Release */ = {
			isa = XCBuildConfiguration;
			buildSettings = {
				ALWAYS_SEARCH_USER_PATHS = NO;
				CLANG_CXX_LANGUAGE_STANDARD = "gnu++0x";
				CLANG_CXX_LIBRARY = "libc++";
				CLANG_ENABLE_MODULES = YES;
				CLANG_ENABLE_OBJC_ARC = YES;
				CLANG_WARN_BOOL_CONVERSION = YES;
				CLANG_WARN_CONSTANT_CONVERSION = YES;
				CLANG_WARN_DIRECT_OBJC_ISA_USAGE = YES_ERROR;
				CLANG_WARN_EMPTY_BODY = YES;
				CLANG_WARN_ENUM_CONVERSION = YES;
				CLANG_WARN_INT_CONVERSION = YES;
				CLANG_WARN_OBJC_ROOT_CLASS = YES_ERROR;
				CLANG_WARN_UNREACHABLE_CODE = YES;
				CLANG_WARN__DUPLICATE_METHOD_MATCH = YES;
				"CODE_SIGN_IDENTITY[sdk=iphoneos*]" = "iPhone Developer";
				COPY_PHASE_STRIP = YES;
				ENABLE_NS_ASSERTIONS = NO;
				ENABLE_STRICT_OBJC_MSGSEND = YES;
				GCC_C_LANGUAGE_STANDARD = gnu99;
				GCC_WARN_64_TO_32_BIT_CONVERSION = YES;
				GCC_WARN_ABOUT_RETURN_TYPE = YES_ERROR;
				GCC_WARN_UNDECLARED_SELECTOR = YES;
				GCC_WARN_UNINITIALIZED_AUTOS = YES_AGGRESSIVE;
				GCC_WARN_UNUSED_FUNCTION = YES;
				GCC_WARN_UNUSED_VARIABLE = YES;
				IPHONEOS_DEPLOYMENT_TARGET = 8.1;
				MTL_ENABLE_DEBUG_INFO = NO;
				SDKROOT = iphoneos;
				VALIDATE_PRODUCT = YES;
			};
			name = Release;
		};
		305574D61ABC002300142642 /* Debug */ = {
			isa = XCBuildConfiguration;
			baseConfigurationReference = B93820760667BB469A9107C4 /* Pods-StoreKit.debug.xcconfig */;
			buildSettings = {
				ASSETCATALOG_COMPILER_APPICON_NAME = AppIcon;
				INFOPLIST_FILE = StoreKit/Info.plist;
				LD_RUNPATH_SEARCH_PATHS = "$(inherited) @executable_path/Frameworks";
				PRODUCT_NAME = "$(TARGET_NAME)";
			};
			name = Debug;
		};
		305574D71ABC002300142642 /* Release */ = {
			isa = XCBuildConfiguration;
			baseConfigurationReference = 4B0B036BB7937E4CECBA43EC /* Pods-StoreKit.release.xcconfig */;
			buildSettings = {
				ASSETCATALOG_COMPILER_APPICON_NAME = AppIcon;
				INFOPLIST_FILE = StoreKit/Info.plist;
				LD_RUNPATH_SEARCH_PATHS = "$(inherited) @executable_path/Frameworks";
				PRODUCT_NAME = "$(TARGET_NAME)";
			};
			name = Release;
		};
		305574D91ABC002300142642 /* Debug */ = {
			isa = XCBuildConfiguration;
			buildSettings = {
				BUNDLE_LOADER = "$(TEST_HOST)";
				FRAMEWORK_SEARCH_PATHS = (
					"$(SDKROOT)/Developer/Library/Frameworks",
					"$(inherited)",
				);
				GCC_PREPROCESSOR_DEFINITIONS = (
					"DEBUG=1",
					"$(inherited)",
				);
				INFOPLIST_FILE = StoreKitTests/Info.plist;
				LD_RUNPATH_SEARCH_PATHS = "$(inherited) @executable_path/Frameworks @loader_path/Frameworks";
				PRODUCT_NAME = "$(TARGET_NAME)";
				TEST_HOST = "$(BUILT_PRODUCTS_DIR)/StoreKit.app/StoreKit";
			};
			name = Debug;
		};
		305574DA1ABC002300142642 /* Release */ = {
			isa = XCBuildConfiguration;
			buildSettings = {
				BUNDLE_LOADER = "$(TEST_HOST)";
				FRAMEWORK_SEARCH_PATHS = (
					"$(SDKROOT)/Developer/Library/Frameworks",
					"$(inherited)",
				);
				INFOPLIST_FILE = StoreKitTests/Info.plist;
				LD_RUNPATH_SEARCH_PATHS = "$(inherited) @executable_path/Frameworks @loader_path/Frameworks";
				PRODUCT_NAME = "$(TARGET_NAME)";
				TEST_HOST = "$(BUILT_PRODUCTS_DIR)/StoreKit.app/StoreKit";
			};
			name = Release;
		};
/* End XCBuildConfiguration section */

/* Begin XCConfigurationList section */
		305574AD1ABC002300142642 /* Build configuration list for PBXProject "StoreKit" */ = {
			isa = XCConfigurationList;
			buildConfigurations = (
				305574D31ABC002300142642 /* Debug */,
				305574D41ABC002300142642 /* Release */,
			);
			defaultConfigurationIsVisible = 0;
			defaultConfigurationName = Release;
		};
		305574D51ABC002300142642 /* Build configuration list for PBXNativeTarget "StoreKit" */ = {
			isa = XCConfigurationList;
			buildConfigurations = (
				305574D61ABC002300142642 /* Debug */,
				305574D71ABC002300142642 /* Release */,
			);
			defaultConfigurationIsVisible = 0;
			defaultConfigurationName = Release;
		};
		305574D81ABC002300142642 /* Build configuration list for PBXNativeTarget "StoreKitTests" */ = {
			isa = XCConfigurationList;
			buildConfigurations = (
				305574D91ABC002300142642 /* Debug */,
				305574DA1ABC002300142642 /* Release */,
			);
			defaultConfigurationIsVisible = 0;
			defaultConfigurationName = Release;
		};
/* End XCConfigurationList section */
	};
	rootObject = 305574AA1ABC002300142642 /* Project object */;
}
